
Microsoft Visual Studio Solution File, Format Version 12.00
# Visual Studio 2013
VisualStudioVersion = 12.0.31101.0
MinimumVisualStudioVersion = 10.0.40219.1
Project("{FAE04EC0-301F-11D3-BF4B-00C04F79EFBC}") = "Absolom.Reactive", "Absolom.Reactive\Absolom.Reactive.csproj", "{851A7F32-B408-4703-B5B7-C0D17C4C5DD0}"
EndProject
Project("{FAE04EC0-301F-11D3-BF4B-00C04F79EFBC}") = "Absolom.Reactive.Tests", "Absolom.Reactive.Tests\Absolom.Reactive.Tests.csproj", "{8CB8BF82-7A33-478A-AFC3-C2D606101D0B}"
EndProject
Project("{FAE04EC0-301F-11D3-BF4B-00C04F79EFBC}") = "Absolom.Reactive.Output", "Absolom.Reactive.Output\Absolom.Reactive.Output.csproj", "{C8EA161B-5F2C-4D50-98BE-5B25794D98E4}"
EndProject
Global
	GlobalSection(SolutionConfigurationPlatforms) = preSolution
		Debug|Any CPU = Debug|Any CPU
		Release|Any CPU = Release|Any CPU
	EndGlobalSection
	GlobalSection(ProjectConfigurationPlatforms) = postSolution
		{851A7F32-B408-4703-B5B7-C0D17C4C5DD0}.Debug|Any CPU.ActiveCfg = Debug|Any CPU
		{851A7F32-B408-4703-B5B7-C0D17C4C5DD0}.Debug|Any CPU.Build.0 = Debug|Any CPU
		{851A7F32-B408-4703-B5B7-C0D17C4C5DD0}.Release|Any CPU.ActiveCfg = Release|Any CPU
		{851A7F32-B408-4703-B5B7-C0D17C4C5DD0}.Release|Any CPU.Build.0 = Release|Any CPU
		{8CB8BF82-7A33-478A-AFC3-C2D606101D0B}.Debug|Any CPU.ActiveCfg = Debug|Any CPU
		{8CB8BF82-7A33-478A-AFC3-C2D606101D0B}.Debug|Any CPU.Build.0 = Debug|Any CPU
		{8CB8BF82-7A33-478A-AFC3-C2D606101D0B}.Release|Any CPU.ActiveCfg = Release|Any CPU
		{8CB8BF82-7A33-478A-AFC3-C2D606101D0B}.Release|Any CPU.Build.0 = Release|Any CPU
		{C8EA161B-5F2C-4D50-98BE-5B25794D98E4}.Debug|Any CPU.ActiveCfg = Debug|Any CPU
		{C8EA161B-5F2C-4D50-98BE-5B25794D98E4}.Debug|Any CPU.Build.0 = Debug|Any CPU
		{C8EA161B-5F2C-4D50-98BE-5B25794D98E4}.Release|Any CPU.ActiveCfg = Release|Any CPU
		{C8EA161B-5F2C-4D50-98BE-5B25794D98E4}.Release|Any CPU.Build.0 = Release|Any CPU
	EndGlobalSection
	GlobalSection(SolutionProperties) = preSolution
		HideSolutionNode = FALSE
	EndGlobalSection
EndGlobal
